
Microsoft Visual Studio Solution File, Format Version 12.00
# Visual Studio Version 17
VisualStudioVersion = 17.11.35303.130
MinimumVisualStudioVersion = 10.0.40219.1
Project("{FAE04EC0-301F-11D3-BF4B-00C04F79EFBC}") = "Innowacja.Api", "src\Innowacja.Api\Innowacja.Api.csproj", "{C37C3969-082D-411B-BAE8-356E804CC7E8}"
EndProject
Project("{FAE04EC0-301F-11D3-BF4B-00C04F79EFBC}") = "Innowacja.Core", "src\Innowacja.Core\Innowacja.Core.csproj", "{8FD0425B-5E2C-466D-B13B-F2509165C2E4}"
EndProject
Project("{FAE04EC0-301F-11D3-BF4B-00C04F79EFBC}") = "Innowacja.Application", "src\Innowacja.Application\Innowacja.Application\Innowacja.Application.csproj", "{42D145E4-A39D-4853-86B1-C46AF72724E0}"
EndProject
Project("{FAE04EC0-301F-11D3-BF4B-00C04F79EFBC}") = "Innowacja.Infrastructure", "src\Innowacja.Infrastructure\Innowacja.Infrastructure.csproj", "{96D22829-D6E4-4645-BB9B-49AC493FE722}"
EndProject
Global
	GlobalSection(SolutionConfigurationPlatforms) = preSolution
		Debug|Any CPU = Debug|Any CPU
		Release|Any CPU = Release|Any CPU
	EndGlobalSection
	GlobalSection(ProjectConfigurationPlatforms) = postSolution
		{C37C3969-082D-411B-BAE8-356E804CC7E8}.Debug|Any CPU.ActiveCfg = Debug|Any CPU
		{C37C3969-082D-411B-BAE8-356E804CC7E8}.Debug|Any CPU.Build.0 = Debug|Any CPU
		{C37C3969-082D-411B-BAE8-356E804CC7E8}.Release|Any CPU.ActiveCfg = Release|Any CPU
		{C37C3969-082D-411B-BAE8-356E804CC7E8}.Release|Any CPU.Build.0 = Release|Any CPU
		{8FD0425B-5E2C-466D-B13B-F2509165C2E4}.Debug|Any CPU.ActiveCfg = Debug|Any CPU
		{8FD0425B-5E2C-466D-B13B-F2509165C2E4}.Debug|Any CPU.Build.0 = Debug|Any CPU
		{8FD0425B-5E2C-466D-B13B-F2509165C2E4}.Release|Any CPU.ActiveCfg = Release|Any CPU
		{8FD0425B-5E2C-466D-B13B-F2509165C2E4}.Release|Any CPU.Build.0 = Release|Any CPU
		{42D145E4-A39D-4853-86B1-C46AF72724E0}.Debug|Any CPU.ActiveCfg = Debug|Any CPU
		{42D145E4-A39D-4853-86B1-C46AF72724E0}.Debug|Any CPU.Build.0 = Debug|Any CPU
		{42D145E4-A39D-4853-86B1-C46AF72724E0}.Release|Any CPU.ActiveCfg = Release|Any CPU
		{42D145E4-A39D-4853-86B1-C46AF72724E0}.Release|Any CPU.Build.0 = Release|Any CPU
		{96D22829-D6E4-4645-BB9B-49AC493FE722}.Debug|Any CPU.ActiveCfg = Debug|Any CPU
		{96D22829-D6E4-4645-BB9B-49AC493FE722}.Debug|Any CPU.Build.0 = Debug|Any CPU
		{96D22829-D6E4-4645-BB9B-49AC493FE722}.Release|Any CPU.ActiveCfg = Release|Any CPU
		{96D22829-D6E4-4645-BB9B-49AC493FE722}.Release|Any CPU.Build.0 = Release|Any CPU
	EndGlobalSection
	GlobalSection(SolutionProperties) = preSolution
		HideSolutionNode = FALSE
	EndGlobalSection
	GlobalSection(ExtensibilityGlobals) = postSolution
		SolutionGuid = {0AC7E938-CD3E-4BE0-B79E-37FA7A2CF251}
	EndGlobalSection
EndGlobal
